// !$*UTF8*$!
{
	archiveVersion = 1;
	classes = {
	};
	objectVersion = 46;
	objects = {

/* Begin PBXBuildFile section */
		2000BA4E1CAFA21500E5A453 /* CalculatorBrain.swift in Sources */ = {isa = PBXBuildFile; fileRef = 2000BA4D1CAFA21500E5A453 /* CalculatorBrain.swift */; };
		204811BC1C4AFAA400995FB9 /* AppDelegate.swift in Sources */ = {isa = PBXBuildFile; fileRef = 204811BB1C4AFAA400995FB9 /* AppDelegate.swift */; };
		204811BE1C4AFAA500995FB9 /* ViewController.swift in Sources */ = {isa = PBXBuildFile; fileRef = 204811BD1C4AFAA400995FB9 /* ViewController.swift */; };
		204811C11C4AFAA500995FB9 /* Main.storyboard in Resources */ = {isa = PBXBuildFile; fileRef = 204811BF1C4AFAA500995FB9 /* Main.storyboard */; };
		204811C31C4AFAA500995FB9 /* Assets.xcassets in Resources */ = {isa = PBXBuildFile; fileRef = 204811C21C4AFAA500995FB9 /* Assets.xcassets */; };
		204811C61C4AFAA500995FB9 /* LaunchScreen.storyboard in Resources */ = {isa = PBXBuildFile; fileRef = 204811C41C4AFAA500995FB9 /* LaunchScreen.storyboard */; };
		204811D11C4AFAA500995FB9 /* CalculatorTests.swift in Sources */ = {isa = PBXBuildFile; fileRef = 204811D01C4AFAA500995FB9 /* CalculatorTests.swift */; };
		204811DC1C4AFAA500995FB9 /* CalculatorUITests.swift in Sources */ = {isa = PBXBuildFile; fileRef = 204811DB1C4AFAA500995FB9 /* CalculatorUITests.swift */; };
/* End PBXBuildFile section */

/* Begin PBXContainerItemProxy section */
		204811CD1C4AFAA500995FB9 /* PBXContainerItemProxy */ = {
			isa = PBXContainerItemProxy;
			containerPortal = 204811B01C4AFAA400995FB9 /* Project object */;
			proxyType = 1;
			remoteGlobalIDString = 204811B71C4AFAA400995FB9;
			remoteInfo = Calculator;
		};
		204811D81C4AFAA500995FB9 /* PBXContainerItemProxy */ = {
			isa = PBXContainerItemProxy;
			containerPortal = 204811B01C4AFAA400995FB9 /* Project object */;
			proxyType = 1;
			remoteGlobalIDString = 204811B71C4AFAA400995FB9;
			remoteInfo = Calculator;
		};
/* End PBXContainerItemProxy section */

/* Begin PBXFileReference section */
		2000BA4D1CAFA21500E5A453 /* CalculatorBrain.swift */ = {isa = PBXFileReference; fileEncoding = 4; lastKnownFileType = sourcecode.swift; path = CalculatorBrain.swift; sourceTree = "<group>"; };
		204811B81C4AFAA400995FB9 /* Calculator.app */ = {isa = PBXFileReference; explicitFileType = wrapper.application; includeInIndex = 0; path = Calculator.app; sourceTree = BUILT_PRODUCTS_DIR; };
		204811BB1C4AFAA400995FB9 /* AppDelegate.swift */ = {isa = PBXFileReference; lastKnownFileType = sourcecode.swift; path = AppDelegate.swift; sourceTree = "<group>"; };
		204811BD1C4AFAA400995FB9 /* ViewController.swift */ = {isa = PBXFileReference; lastKnownFileType = sourcecode.swift; path = ViewController.swift; sourceTree = "<group>"; };
		204811C01C4AFAA500995FB9 /* Base */ = {isa = PBXFileReference; lastKnownFileType = file.storyboard; name = Base; path = Base.lproj/Main.storyboard; sourceTree = "<group>"; };
		204811C21C4AFAA500995FB9 /* Assets.xcassets */ = {isa = PBXFileReference; lastKnownFileType = folder.assetcatalog; path = Assets.xcassets; sourceTree = "<group>"; };
		204811C51C4AFAA500995FB9 /* Base */ = {isa = PBXFileReference; lastKnownFileType = file.storyboard; name = Base; path = Base.lproj/LaunchScreen.storyboard; sourceTree = "<group>"; };
		204811C71C4AFAA500995FB9 /* Info.plist */ = {isa = PBXFileReference; lastKnownFileType = text.plist.xml; path = Info.plist; sourceTree = "<group>"; };
		204811CC1C4AFAA500995FB9 /* CalculatorTests.xctest */ = {isa = PBXFileReference; explicitFileType = wrapper.cfbundle; includeInIndex = 0; path = CalculatorTests.xctest; sourceTree = BUILT_PRODUCTS_DIR; };
		204811D01C4AFAA500995FB9 /* CalculatorTests.swift */ = {isa = PBXFileReference; lastKnownFileType = sourcecode.swift; path = CalculatorTests.swift; sourceTree = "<group>"; };
		204811D21C4AFAA500995FB9 /* Info.plist */ = {isa = PBXFileReference; lastKnownFileType = text.plist.xml; path = Info.plist; sourceTree = "<group>"; };
		204811D71C4AFAA500995FB9 /* CalculatorUITests.xctest */ = {isa = PBXFileReference; explicitFileType = wrapper.cfbundle; includeInIndex = 0; path = CalculatorUITests.xctest; sourceTree = BUILT_PRODUCTS_DIR; };
		204811DB1C4AFAA500995FB9 /* CalculatorUITests.swift */ = {isa = PBXFileReference; lastKnownFileType = sourcecode.swift; path = CalculatorUITests.swift; sourceTree = "<group>"; };
		204811DD1C4AFAA500995FB9 /* Info.plist */ = {isa = PBXFileReference; lastKnownFileType = text.plist.xml; path = Info.plist; sourceTree = "<group>"; };
/* End PBXFileReference section */

/* Begin PBXFrameworksBuildPhase section */
		204811B51C4AFAA400995FB9 /* Frameworks */ = {
			isa = PBXFrameworksBuildPhase;
			buildActionMask = 2147483647;
			files = (
			);
			runOnlyForDeploymentPostprocessing = 0;
		};
		204811C91C4AFAA500995FB9 /* Frameworks */ = {
			isa = PBXFrameworksBuildPhase;
			buildActionMask = 2147483647;
			files = (
			);
			runOnlyForDeploymentPostprocessing = 0;
		};
		204811D41C4AFAA500995FB9 /* Frameworks */ = {
			isa = PBXFrameworksBuildPhase;
			buildActionMask = 2147483647;
			files = (
			);
			runOnlyForDeploymentPostprocessing = 0;
		};
/* End PBXFrameworksBuildPhase section */

/* Begin PBXGroup section */
		204811AF1C4AFAA400995FB9 = {
			isa = PBXGroup;
			children = (
				204811BA1C4AFAA400995FB9 /* Calculator */,
				204811CF1C4AFAA500995FB9 /* CalculatorTests */,
				204811DA1C4AFAA500995FB9 /* CalculatorUITests */,
				204811B91C4AFAA400995FB9 /* Products */,
			);
			sourceTree = "<group>";
		};
		204811B91C4AFAA400995FB9 /* Products */ = {
			isa = PBXGroup;
			children = (
				204811B81C4AFAA400995FB9 /* Calculator.app */,
				204811CC1C4AFAA500995FB9 /* CalculatorTests.xctest */,
				204811D71C4AFAA500995FB9 /* CalculatorUITests.xctest */,
			);
			name = Products;
			sourceTree = "<group>";
		};
		204811BA1C4AFAA400995FB9 /* Calculator */ = {
			isa = PBXGroup;
			children = (
				204811BD1C4AFAA400995FB9 /* ViewController.swift */,
				2000BA4D1CAFA21500E5A453 /* CalculatorBrain.swift */,
				204811BF1C4AFAA500995FB9 /* Main.storyboard */,
				204811E91C4AFBA300995FB9 /* Supporting Files */,
			);
			path = Calculator;
			sourceTree = "<group>";
		};
		204811CF1C4AFAA500995FB9 /* CalculatorTests */ = {
			isa = PBXGroup;
			children = (
				204811D01C4AFAA500995FB9 /* CalculatorTests.swift */,
				204811D21C4AFAA500995FB9 /* Info.plist */,
			);
			path = CalculatorTests;
			sourceTree = "<group>";
		};
		204811DA1C4AFAA500995FB9 /* CalculatorUITests */ = {
			isa = PBXGroup;
			children = (
				204811DB1C4AFAA500995FB9 /* CalculatorUITests.swift */,
				204811DD1C4AFAA500995FB9 /* Info.plist */,
			);
			path = CalculatorUITests;
			sourceTree = "<group>";
		};
		204811E91C4AFBA300995FB9 /* Supporting Files */ = {
			isa = PBXGroup;
			children = (
				204811C21C4AFAA500995FB9 /* Assets.xcassets */,
				204811C71C4AFAA500995FB9 /* Info.plist */,
				204811C41C4AFAA500995FB9 /* LaunchScreen.storyboard */,
				204811BB1C4AFAA400995FB9 /* AppDelegate.swift */,
			);
			name = "Supporting Files";
			sourceTree = "<group>";
		};
/* End PBXGroup section */

/* Begin PBXNativeTarget section */
		204811B71C4AFAA400995FB9 /* Calculator */ = {
			isa = PBXNativeTarget;
			buildConfigurationList = 204811E01C4AFAA500995FB9 /* Build configuration list for PBXNativeTarget "Calculator" */;
			buildPhases = (
				204811B41C4AFAA400995FB9 /* Sources */,
				204811B51C4AFAA400995FB9 /* Frameworks */,
				204811B61C4AFAA400995FB9 /* Resources */,
			);
			buildRules = (
			);
			dependencies = (
			);
			name = Calculator;
			productName = Calculator;
			productReference = 204811B81C4AFAA400995FB9 /* Calculator.app */;
			productType = "com.apple.product-type.application";
		};
		204811CB1C4AFAA500995FB9 /* CalculatorTests */ = {
			isa = PBXNativeTarget;
			buildConfigurationList = 204811E31C4AFAA500995FB9 /* Build configuration list for PBXNativeTarget "CalculatorTests" */;
			buildPhases = (
				204811C81C4AFAA500995FB9 /* Sources */,
				204811C91C4AFAA500995FB9 /* Frameworks */,
				204811CA1C4AFAA500995FB9 /* Resources */,
			);
			buildRules = (
			);
			dependencies = (
				204811CE1C4AFAA500995FB9 /* PBXTargetDependency */,
			);
			name = CalculatorTests;
			productName = CalculatorTests;
			productReference = 204811CC1C4AFAA500995FB9 /* CalculatorTests.xctest */;
			productType = "com.apple.product-type.bundle.unit-test";
		};
		204811D61C4AFAA500995FB9 /* CalculatorUITests */ = {
			isa = PBXNativeTarget;
			buildConfigurationList = 204811E61C4AFAA500995FB9 /* Build configuration list for PBXNativeTarget "CalculatorUITests" */;
			buildPhases = (
				204811D31C4AFAA500995FB9 /* Sources */,
				204811D41C4AFAA500995FB9 /* Frameworks */,
				204811D51C4AFAA500995FB9 /* Resources */,
			);
			buildRules = (
			);
			dependencies = (
				204811D91C4AFAA500995FB9 /* PBXTargetDependency */,
			);
			name = CalculatorUITests;
			productName = CalculatorUITests;
			productReference = 204811D71C4AFAA500995FB9 /* CalculatorUITests.xctest */;
			productType = "com.apple.product-type.bundle.ui-testing";
		};
/* End PBXNativeTarget section */

/* Begin PBXProject section */
		204811B01C4AFAA400995FB9 /* Project object */ = {
			isa = PBXProject;
			attributes = {
				LastSwiftUpdateCheck = 0720;
				LastUpgradeCheck = 0720;
				ORGANIZATIONNAME = "University of Southern California";
				TargetAttributes = {
					204811B71C4AFAA400995FB9 = {
						CreatedOnToolsVersion = 7.2;
						DevelopmentTeam = F7KPJZ79PU;
					};
					204811CB1C4AFAA500995FB9 = {
						CreatedOnToolsVersion = 7.2;
						DevelopmentTeam = F7KPJZ79PU;
						TestTargetID = 204811B71C4AFAA400995FB9;
					};
					204811D61C4AFAA500995FB9 = {
						CreatedOnToolsVersion = 7.2;
						DevelopmentTeam = F7KPJZ79PU;
						TestTargetID = 204811B71C4AFAA400995FB9;
					};
				};
			};
			buildConfigurationList = 204811B31C4AFAA400995FB9 /* Build configuration list for PBXProject "Calculator" */;
			compatibilityVersion = "Xcode 3.2";
			developmentRegion = English;
			hasScannedForEncodings = 0;
			knownRegions = (
				en,
				Base,
			);
			mainGroup = 204811AF1C4AFAA400995FB9;
			productRefGroup = 204811B91C4AFAA400995FB9 /* Products */;
			projectDirPath = "";
			projectRoot = "";
			targets = (
				204811B71C4AFAA400995FB9 /* Calculator */,
				204811CB1C4AFAA500995FB9 /* CalculatorTests */,
				204811D61C4AFAA500995FB9 /* CalculatorUITests */,
			);
		};
/* End PBXProject section */

/* Begin PBXResourcesBuildPhase section */
		204811B61C4AFAA400995FB9 /* Resources */ = {
			isa = PBXResourcesBuildPhase;
			buildActionMask = 2147483647;
			files = (
				204811C61C4AFAA500995FB9 /* LaunchScreen.storyboard in Resources */,
				204811C31C4AFAA500995FB9 /* Assets.xcassets in Resources */,
				204811C11C4AFAA500995FB9 /* Main.storyboard in Resources */,
			);
			runOnlyForDeploymentPostprocessing = 0;
		};
		204811CA1C4AFAA500995FB9 /* Resources */ = {
			isa = PBXResourcesBuildPhase;
			buildActionMask = 2147483647;
			files = (
			);
			runOnlyForDeploymentPostprocessing = 0;
		};
		204811D51C4AFAA500995FB9 /* Resources */ = {
			isa = PBXResourcesBuildPhase;
			buildActionMask = 2147483647;
			files = (
			);
			runOnlyForDeploymentPostprocessing = 0;
		};
/* End PBXResourcesBuildPhase section */

/* Begin PBXSourcesBuildPhase section */
		204811B41C4AFAA400995FB9 /* Sources */ = {
			isa = PBXSourcesBuildPhase;
			buildActionMask = 2147483647;
			files = (
				2000BA4E1CAFA21500E5A453 /* CalculatorBrain.swift in Sources */,
				204811BE1C4AFAA500995FB9 /* ViewController.swift in Sources */,
				204811BC1C4AFAA400995FB9 /* AppDelegate.swift in Sources */,
			);
			runOnlyForDeploymentPostprocessing = 0;
		};
		204811C81C4AFAA500995FB9 /* Sources */ = {
			isa = PBXSourcesBuildPhase;
			buildActionMask = 2147483647;
			files = (
				204811D11C4AFAA500995FB9 /* CalculatorTests.swift in Sources */,
			);
			runOnlyForDeploymentPostprocessing = 0;
		};
		204811D31C4AFAA500995FB9 /* Sources */ = {
			isa = PBXSourcesBuildPhase;
			buildActionMask = 2147483647;
			files = (
				204811DC1C4AFAA500995FB9 /* CalculatorUITests.swift in Sources */,
			);
			runOnlyForDeploymentPostprocessing = 0;
		};
/* End PBXSourcesBuildPhase section */

/* Begin PBXTargetDependency section */
		204811CE1C4AFAA500995FB9 /* PBXTargetDependency */ = {
			isa = PBXTargetDependency;
			target = 204811B71C4AFAA400995FB9 /* Calculator */;
			targetProxy = 204811CD1C4AFAA500995FB9 /* PBXContainerItemProxy */;
		};
		204811D91C4AFAA500995FB9 /* PBXTargetDependency */ = {
			isa = PBXTargetDependency;
			target = 204811B71C4AFAA400995FB9 /* Calculator */;
			targetProxy = 204811D81C4AFAA500995FB9 /* PBXContainerItemProxy */;
		};
/* End PBXTargetDependency section */

/* Begin PBXVariantGroup section */
		204811BF1C4AFAA500995FB9 /* Main.storyboard */ = {
			isa = PBXVariantGroup;
			children = (
				204811C01C4AFAA500995FB9 /* Base */,
			);
			name = Main.storyboard;
			sourceTree = "<group>";
		};
		204811C41C4AFAA500995FB9 /* LaunchScreen.storyboard */ = {
			isa = PBXVariantGroup;
			children = (
				204811C51C4AFAA500995FB9 /* Base */,
			);
			name = LaunchScreen.storyboard;
			sourceTree = "<group>";
		};
/* End PBXVariantGroup section */

/* Begin XCBuildConfiguration section */
		204811DE1C4AFAA500995FB9 /* Debug */ = {
			isa = XCBuildConfiguration;
			buildSettings = {
				ALWAYS_SEARCH_USER_PATHS = NO;
				CLANG_CXX_LANGUAGE_STANDARD = "gnu++0x";
				CLANG_CXX_LIBRARY = "libc++";
				CLANG_ENABLE_MODULES = YES;
				CLANG_ENABLE_OBJC_ARC = YES;
				CLANG_WARN_BOOL_CONVERSION = YES;
				CLANG_WARN_CONSTANT_CONVERSION = YES;
				CLANG_WARN_DIRECT_OBJC_ISA_USAGE = YES_ERROR;
				CLANG_WARN_EMPTY_BODY = YES;
				CLANG_WARN_ENUM_CONVERSION = YES;
				CLANG_WARN_INT_CONVERSION = YES;
				CLANG_WARN_OBJC_ROOT_CLASS = YES_ERROR;
				CLANG_WARN_UNREACHABLE_CODE = YES;
				CLANG_WARN__DUPLICATE_METHOD_MATCH = YES;
				"CODE_SIGN_IDENTITY[sdk=iphoneos*]" = "iPhone Developer";
				COPY_PHASE_STRIP = NO;
				DEBUG_INFORMATION_FORMAT = dwarf;
				ENABLE_STRICT_OBJC_MSGSEND = YES;
				ENABLE_TESTABILITY = YES;
				GCC_C_LANGUAGE_STANDARD = gnu99;
				GCC_DYNAMIC_NO_PIC = NO;
				GCC_NO_COMMON_BLOCKS = YES;
				GCC_OPTIMIZATION_LEVEL = 0;
				GCC_PREPROCESSOR_DEFINITIONS = (
					"DEBUG=1",
					"$(inherited)",
				);
				GCC_WARN_64_TO_32_BIT_CONVERSION = YES;
				GCC_WARN_ABOUT_RETURN_TYPE = YES_ERROR;
				GCC_WARN_UNDECLARED_SELECTOR = YES;
				GCC_WARN_UNINITIALIZED_AUTOS = YES_AGGRESSIVE;
				GCC_WARN_UNUSED_FUNCTION = YES;
				GCC_WARN_UNUSED_VARIABLE = YES;
				IPHONEOS_DEPLOYMENT_TARGET = 9.2;
				MTL_ENABLE_DEBUG_INFO = YES;
				ONLY_ACTIVE_ARCH = YES;
				SDKROOT = iphoneos;
				SWIFT_OPTIMIZATION_LEVEL = "-Onone";
				TARGETED_DEVICE_FAMILY = "1,2";
			};
			name = Debug;
		};
		204811DF1C4AFAA500995FB9 /* Release */ = {
			isa = XCBuildConfiguration;
			buildSettings = {
				ALWAYS_SEARCH_USER_PATHS = NO;
				CLANG_CXX_LANGUAGE_STANDARD = "gnu++0x";
				CLANG_CXX_LIBRARY = "libc++";
				CLANG_ENABLE_MODULES = YES;
				CLANG_ENABLE_OBJC_ARC = YES;
				CLANG_WARN_BOOL_CONVERSION = YES;
				CLANG_WARN_CONSTANT_CONVERSION = YES;
				CLANG_WARN_DIRECT_OBJC_ISA_USAGE = YES_ERROR;
				CLANG_WARN_EMPTY_BODY = YES;
				CLANG_WARN_ENUM_CONVERSION = YES;
				CLANG_WARN_INT_CONVERSION = YES;
				CLANG_WARN_OBJC_ROOT_CLASS = YES_ERROR;
				CLANG_WARN_UNREACHABLE_CODE = YES;
				CLANG_WARN__DUPLICATE_METHOD_MATCH = YES;
				"CODE_SIGN_IDENTITY[sdk=iphoneos*]" = "iPhone Developer";
				COPY_PHASE_STRIP = NO;
				DEBUG_INFORMATION_FORMAT = "dwarf-with-dsym";
				ENABLE_NS_ASSERTIONS = NO;
				ENABLE_STRICT_OBJC_MSGSEND = YES;
				GCC_C_LANGUAGE_STANDARD = gnu99;
				GCC_NO_COMMON_BLOCKS = YES;
				GCC_WARN_64_TO_32_BIT_CONVERSION = YES;
				GCC_WARN_ABOUT_RETURN_TYPE = YES_ERROR;
				GCC_WARN_UNDECLARED_SELECTOR = YES;
				GCC_WARN_UNINITIALIZED_AUTOS = YES_AGGRESSIVE;
				GCC_WARN_UNUSED_FUNCTION = YES;
				GCC_WARN_UNUSED_VARIABLE = YES;
				IPHONEOS_DEPLOYMENT_TARGET = 9.2;
				MTL_ENABLE_DEBUG_INFO = NO;
				SDKROOT = iphoneos;
				TARGETED_DEVICE_FAMILY = "1,2";
				VALIDATE_PRODUCT = YES;
			};
			name = Release;
		};
		204811E11C4AFAA500995FB9 /* Debug */ = {
			isa = XCBuildConfiguration;
			buildSettings = {
				ASSETCATALOG_COMPILER_APPICON_NAME = AppIcon;
				INFOPLIST_FILE = Calculator/Info.plist;
				LD_RUNPATH_SEARCH_PATHS = "$(inherited) @executable_path/Frameworks";
				PRODUCT_BUNDLE_IDENTIFIER = "Jian-Shi";
				PRODUCT_NAME = "$(TARGET_NAME)";
			};
			name = Debug;
		};
		204811E21C4AFAA500995FB9 /* Release */ = {
			isa = XCBuildConfiguration;
			buildSettings = {
				ASSETCATALOG_COMPILER_APPICON_NAME = AppIcon;
				INFOPLIST_FILE = Calculator/Info.plist;
				LD_RUNPATH_SEARCH_PATHS = "$(inherited) @executable_path/Frameworks";
				PRODUCT_BUNDLE_IDENTIFIER = "Jian-Shi";
				PRODUCT_NAME = "$(TARGET_NAME)";
			};
			name = Release;
		};
		204811E41C4AFAA500995FB9 /* Debug */ = {
			isa = XCBuildConfiguration;
			buildSettings = {
				BUNDLE_LOADER = "$(TEST_HOST)";
				INFOPLIST_FILE = CalculatorTests/Info.plist;
				LD_RUNPATH_SEARCH_PATHS = "$(inherited) @executable_path/Frameworks @loader_path/Frameworks";
				PRODUCT_BUNDLE_IDENTIFIER = "-----.CalculatorTests";
				PRODUCT_NAME = "$(TARGET_NAME)";
				TEST_HOST = "$(BUILT_PRODUCTS_DIR)/Calculator.app/Calculator";
			};
			name = Debug;
		};
		204811E51C4AFAA500995FB9 /* Release */ = {
			isa = XCBuildConfiguration;
			buildSettings = {
				BUNDLE_LOADER = "$(TEST_HOST)";
				INFOPLIST_FILE = CalculatorTests/Info.plist;
				LD_RUNPATH_SEARCH_PATHS = "$(inherited) @executable_path/Frameworks @loader_path/Frameworks";
				PRODUCT_BUNDLE_IDENTIFIER = "-----.CalculatorTests";
				PRODUCT_NAME = "$(TARGET_NAME)";
				TEST_HOST = "$(BUILT_PRODUCTS_DIR)/Calculator.app/Calculator";
			};
			name = Release;
		};
		204811E71C4AFAA500995FB9 /* Debug */ = {
			isa = XCBuildConfiguration;
			buildSettings = {
				INFOPLIST_FILE = CalculatorUITests/Info.plist;
				LD_RUNPATH_SEARCH_PATHS = "$(inherited) @executable_path/Frameworks @loader_path/Frameworks";
				PRODUCT_BUNDLE_IDENTIFIER = "-----.CalculatorUITests";
				PRODUCT_NAME = "$(TARGET_NAME)";
				TEST_TARGET_NAME = Calculator;
				USES_XCTRUNNER = YES;
			};
			name = Debug;
		};
		204811E81C4AFAA500995FB9 /* Release */ = {
			isa = XCBuildConfiguration;
			buildSettings = {
				INFOPLIST_FILE = CalculatorUITests/Info.plist;
				LD_RUNPATH_SEARCH_PATHS = "$(inherited) @executable_path/Frameworks @loader_path/Frameworks";
				PRODUCT_BUNDLE_IDENTIFIER = "-----.CalculatorUITests";
				PRODUCT_NAME = "$(TARGET_NAME)";
				TEST_TARGET_NAME = Calculator;
				USES_XCTRUNNER = YES;
			};
			name = Release;
		};
/* End XCBuildConfiguration section */

/* Begin XCConfigurationList section */
		204811B31C4AFAA400995FB9 /* Build configuration list for PBXProject "Calculator" */ = {
			isa = XCConfigurationList;
			buildConfigurations = (
				204811DE1C4AFAA500995FB9 /* Debug */,
				204811DF1C4AFAA500995FB9 /* Release */,
			);
			defaultConfigurationIsVisible = 0;
			defaultConfigurationName = Release;
		};
		204811E01C4AFAA500995FB9 /* Build configuration list for PBXNativeTarget "Calculator" */ = {
			isa = XCConfigurationList;
			buildConfigurations = (
				204811E11C4AFAA500995FB9 /* Debug */,
				204811E21C4AFAA500995FB9 /* Release */,
			);
			defaultConfigurationIsVisible = 0;
			defaultConfigurationName = Release;
		};
		204811E31C4AFAA500995FB9 /* Build configuration list for PBXNativeTarget "CalculatorTests" */ = {
			isa = XCConfigurationList;
			buildConfigurations = (
				204811E41C4AFAA500995FB9 /* Debug */,
				204811E51C4AFAA500995FB9 /* Release */,
			);
			defaultConfigurationIsVisible = 0;
			defaultConfigurationName = Release;
		};
		204811E61C4AFAA500995FB9 /* Build configuration list for PBXNativeTarget "CalculatorUITests" */ = {
			isa = XCConfigurationList;
			buildConfigurations = (
				204811E71C4AFAA500995FB9 /* Debug */,
				204811E81C4AFAA500995FB9 /* Release */,
			);
			defaultConfigurationIsVisible = 0;
			defaultConfigurationName = Release;
		};
/* End XCConfigurationList section */
	};
	rootObject = 204811B01C4AFAA400995FB9 /* Project object */;
}
