// !$*UTF8*$!
{
	archiveVersion = 1;
	classes = {
	};
	objectVersion = 46;
	objects = {

/* Begin PBXBuildFile section */
		202C54031CB3485300B371EB /* AppDelegate.swift in Sources */ = {isa = PBXBuildFile; fileRef = 202C54021CB3485300B371EB /* AppDelegate.swift */; };
		202C54081CB3485300B371EB /* Main.storyboard in Resources */ = {isa = PBXBuildFile; fileRef = 202C54061CB3485300B371EB /* Main.storyboard */; };
		202C540A1CB3485300B371EB /* Assets.xcassets in Resources */ = {isa = PBXBuildFile; fileRef = 202C54091CB3485300B371EB /* Assets.xcassets */; };
		202C540D1CB3485300B371EB /* LaunchScreen.storyboard in Resources */ = {isa = PBXBuildFile; fileRef = 202C540B1CB3485300B371EB /* LaunchScreen.storyboard */; };
		202C54181CB3485300B371EB /* HappinessTests.swift in Sources */ = {isa = PBXBuildFile; fileRef = 202C54171CB3485300B371EB /* HappinessTests.swift */; };
		202C54231CB3485300B371EB /* HappinessUITests.swift in Sources */ = {isa = PBXBuildFile; fileRef = 202C54221CB3485300B371EB /* HappinessUITests.swift */; };
		202C54321CB34D8900B371EB /* HappinessViewController.swift in Sources */ = {isa = PBXBuildFile; fileRef = 202C54311CB34D8900B371EB /* HappinessViewController.swift */; };
		202C54341CB3507300B371EB /* FaceView.swift in Sources */ = {isa = PBXBuildFile; fileRef = 202C54331CB3507300B371EB /* FaceView.swift */; };
/* End PBXBuildFile section */

/* Begin PBXContainerItemProxy section */
		202C54141CB3485300B371EB /* PBXContainerItemProxy */ = {
			isa = PBXContainerItemProxy;
			containerPortal = 202C53F71CB3485200B371EB /* Project object */;
			proxyType = 1;
			remoteGlobalIDString = 202C53FE1CB3485200B371EB;
			remoteInfo = Happiness;
		};
		202C541F1CB3485300B371EB /* PBXContainerItemProxy */ = {
			isa = PBXContainerItemProxy;
			containerPortal = 202C53F71CB3485200B371EB /* Project object */;
			proxyType = 1;
			remoteGlobalIDString = 202C53FE1CB3485200B371EB;
			remoteInfo = Happiness;
		};
/* End PBXContainerItemProxy section */

/* Begin PBXFileReference section */
		202C53FF1CB3485200B371EB /* Happiness.app */ = {isa = PBXFileReference; explicitFileType = wrapper.application; includeInIndex = 0; path = Happiness.app; sourceTree = BUILT_PRODUCTS_DIR; };
		202C54021CB3485300B371EB /* AppDelegate.swift */ = {isa = PBXFileReference; lastKnownFileType = sourcecode.swift; path = AppDelegate.swift; sourceTree = "<group>"; };
		202C54071CB3485300B371EB /* Base */ = {isa = PBXFileReference; lastKnownFileType = file.storyboard; name = Base; path = Base.lproj/Main.storyboard; sourceTree = "<group>"; };
		202C54091CB3485300B371EB /* Assets.xcassets */ = {isa = PBXFileReference; lastKnownFileType = folder.assetcatalog; path = Assets.xcassets; sourceTree = "<group>"; };
		202C540C1CB3485300B371EB /* Base */ = {isa = PBXFileReference; lastKnownFileType = file.storyboard; name = Base; path = Base.lproj/LaunchScreen.storyboard; sourceTree = "<group>"; };
		202C540E1CB3485300B371EB /* Info.plist */ = {isa = PBXFileReference; lastKnownFileType = text.plist.xml; path = Info.plist; sourceTree = "<group>"; };
		202C54131CB3485300B371EB /* HappinessTests.xctest */ = {isa = PBXFileReference; explicitFileType = wrapper.cfbundle; includeInIndex = 0; path = HappinessTests.xctest; sourceTree = BUILT_PRODUCTS_DIR; };
		202C54171CB3485300B371EB /* HappinessTests.swift */ = {isa = PBXFileReference; lastKnownFileType = sourcecode.swift; path = HappinessTests.swift; sourceTree = "<group>"; };
		202C54191CB3485300B371EB /* Info.plist */ = {isa = PBXFileReference; lastKnownFileType = text.plist.xml; path = Info.plist; sourceTree = "<group>"; };
		202C541E1CB3485300B371EB /* HappinessUITests.xctest */ = {isa = PBXFileReference; explicitFileType = wrapper.cfbundle; includeInIndex = 0; path = HappinessUITests.xctest; sourceTree = BUILT_PRODUCTS_DIR; };
		202C54221CB3485300B371EB /* HappinessUITests.swift */ = {isa = PBXFileReference; lastKnownFileType = sourcecode.swift; path = HappinessUITests.swift; sourceTree = "<group>"; };
		202C54241CB3485300B371EB /* Info.plist */ = {isa = PBXFileReference; lastKnownFileType = text.plist.xml; path = Info.plist; sourceTree = "<group>"; };
		202C54311CB34D8900B371EB /* HappinessViewController.swift */ = {isa = PBXFileReference; fileEncoding = 4; lastKnownFileType = sourcecode.swift; path = HappinessViewController.swift; sourceTree = "<group>"; };
		202C54331CB3507300B371EB /* FaceView.swift */ = {isa = PBXFileReference; fileEncoding = 4; lastKnownFileType = sourcecode.swift; path = FaceView.swift; sourceTree = "<group>"; };
/* End PBXFileReference section */

/* Begin PBXFrameworksBuildPhase section */
		202C53FC1CB3485200B371EB /* Frameworks */ = {
			isa = PBXFrameworksBuildPhase;
			buildActionMask = 2147483647;
			files = (
			);
			runOnlyForDeploymentPostprocessing = 0;
		};
		202C54101CB3485300B371EB /* Frameworks */ = {
			isa = PBXFrameworksBuildPhase;
			buildActionMask = 2147483647;
			files = (
			);
			runOnlyForDeploymentPostprocessing = 0;
		};
		202C541B1CB3485300B371EB /* Frameworks */ = {
			isa = PBXFrameworksBuildPhase;
			buildActionMask = 2147483647;
			files = (
			);
			runOnlyForDeploymentPostprocessing = 0;
		};
/* End PBXFrameworksBuildPhase section */

/* Begin PBXGroup section */
		202C53F61CB3485200B371EB = {
			isa = PBXGroup;
			children = (
				202C54011CB3485300B371EB /* Happiness */,
				202C54161CB3485300B371EB /* HappinessTests */,
				202C54211CB3485300B371EB /* HappinessUITests */,
				202C54001CB3485200B371EB /* Products */,
			);
			sourceTree = "<group>";
		};
		202C54001CB3485200B371EB /* Products */ = {
			isa = PBXGroup;
			children = (
				202C53FF1CB3485200B371EB /* Happiness.app */,
				202C54131CB3485300B371EB /* HappinessTests.xctest */,
				202C541E1CB3485300B371EB /* HappinessUITests.xctest */,
			);
			name = Products;
			sourceTree = "<group>";
		};
		202C54011CB3485300B371EB /* Happiness */ = {
			isa = PBXGroup;
			children = (
				202C54311CB34D8900B371EB /* HappinessViewController.swift */,
				202C54061CB3485300B371EB /* Main.storyboard */,
				202C54331CB3507300B371EB /* FaceView.swift */,
				202C54301CB3490300B371EB /* Supporting Files */,
			);
			path = Happiness;
			sourceTree = "<group>";
		};
		202C54161CB3485300B371EB /* HappinessTests */ = {
			isa = PBXGroup;
			children = (
				202C54171CB3485300B371EB /* HappinessTests.swift */,
				202C54191CB3485300B371EB /* Info.plist */,
			);
			path = HappinessTests;
			sourceTree = "<group>";
		};
		202C54211CB3485300B371EB /* HappinessUITests */ = {
			isa = PBXGroup;
			children = (
				202C54221CB3485300B371EB /* HappinessUITests.swift */,
				202C54241CB3485300B371EB /* Info.plist */,
			);
			path = HappinessUITests;
			sourceTree = "<group>";
		};
		202C54301CB3490300B371EB /* Supporting Files */ = {
			isa = PBXGroup;
			children = (
				202C540B1CB3485300B371EB /* LaunchScreen.storyboard */,
				202C54091CB3485300B371EB /* Assets.xcassets */,
				202C540E1CB3485300B371EB /* Info.plist */,
				202C54021CB3485300B371EB /* AppDelegate.swift */,
			);
			name = "Supporting Files";
			sourceTree = "<group>";
		};
/* End PBXGroup section */

/* Begin PBXNativeTarget section */
		202C53FE1CB3485200B371EB /* Happiness */ = {
			isa = PBXNativeTarget;
			buildConfigurationList = 202C54271CB3485300B371EB /* Build configuration list for PBXNativeTarget "Happiness" */;
			buildPhases = (
				202C53FB1CB3485200B371EB /* Sources */,
				202C53FC1CB3485200B371EB /* Frameworks */,
				202C53FD1CB3485200B371EB /* Resources */,
			);
			buildRules = (
			);
			dependencies = (
			);
			name = Happiness;
			productName = Happiness;
			productReference = 202C53FF1CB3485200B371EB /* Happiness.app */;
			productType = "com.apple.product-type.application";
		};
		202C54121CB3485300B371EB /* HappinessTests */ = {
			isa = PBXNativeTarget;
			buildConfigurationList = 202C542A1CB3485300B371EB /* Build configuration list for PBXNativeTarget "HappinessTests" */;
			buildPhases = (
				202C540F1CB3485300B371EB /* Sources */,
				202C54101CB3485300B371EB /* Frameworks */,
				202C54111CB3485300B371EB /* Resources */,
			);
			buildRules = (
			);
			dependencies = (
				202C54151CB3485300B371EB /* PBXTargetDependency */,
			);
			name = HappinessTests;
			productName = HappinessTests;
			productReference = 202C54131CB3485300B371EB /* HappinessTests.xctest */;
			productType = "com.apple.product-type.bundle.unit-test";
		};
		202C541D1CB3485300B371EB /* HappinessUITests */ = {
			isa = PBXNativeTarget;
			buildConfigurationList = 202C542D1CB3485300B371EB /* Build configuration list for PBXNativeTarget "HappinessUITests" */;
			buildPhases = (
				202C541A1CB3485300B371EB /* Sources */,
				202C541B1CB3485300B371EB /* Frameworks */,
				202C541C1CB3485300B371EB /* Resources */,
			);
			buildRules = (
			);
			dependencies = (
				202C54201CB3485300B371EB /* PBXTargetDependency */,
			);
			name = HappinessUITests;
			productName = HappinessUITests;
			productReference = 202C541E1CB3485300B371EB /* HappinessUITests.xctest */;
			productType = "com.apple.product-type.bundle.ui-testing";
		};
/* End PBXNativeTarget section */

/* Begin PBXProject section */
		202C53F71CB3485200B371EB /* Project object */ = {
			isa = PBXProject;
			attributes = {
				LastSwiftUpdateCheck = 0730;
				LastUpgradeCheck = 0730;
				ORGANIZATIONNAME = "University of Southern California";
				TargetAttributes = {
					202C53FE1CB3485200B371EB = {
						CreatedOnToolsVersion = 7.3;
						DevelopmentTeam = F7KPJZ79PU;
					};
					202C54121CB3485300B371EB = {
						CreatedOnToolsVersion = 7.3;
						DevelopmentTeam = F7KPJZ79PU;
						TestTargetID = 202C53FE1CB3485200B371EB;
					};
					202C541D1CB3485300B371EB = {
						CreatedOnToolsVersion = 7.3;
						DevelopmentTeam = F7KPJZ79PU;
						TestTargetID = 202C53FE1CB3485200B371EB;
					};
				};
			};
			buildConfigurationList = 202C53FA1CB3485200B371EB /* Build configuration list for PBXProject "Happiness" */;
			compatibilityVersion = "Xcode 3.2";
			developmentRegion = English;
			hasScannedForEncodings = 0;
			knownRegions = (
				en,
				Base,
			);
			mainGroup = 202C53F61CB3485200B371EB;
			productRefGroup = 202C54001CB3485200B371EB /* Products */;
			projectDirPath = "";
			projectRoot = "";
			targets = (
				202C53FE1CB3485200B371EB /* Happiness */,
				202C54121CB3485300B371EB /* HappinessTests */,
				202C541D1CB3485300B371EB /* HappinessUITests */,
			);
		};
/* End PBXProject section */

/* Begin PBXResourcesBuildPhase section */
		202C53FD1CB3485200B371EB /* Resources */ = {
			isa = PBXResourcesBuildPhase;
			buildActionMask = 2147483647;
			files = (
				202C540D1CB3485300B371EB /* LaunchScreen.storyboard in Resources */,
				202C540A1CB3485300B371EB /* Assets.xcassets in Resources */,
				202C54081CB3485300B371EB /* Main.storyboard in Resources */,
			);
			runOnlyForDeploymentPostprocessing = 0;
		};
		202C54111CB3485300B371EB /* Resources */ = {
			isa = PBXResourcesBuildPhase;
			buildActionMask = 2147483647;
			files = (
			);
			runOnlyForDeploymentPostprocessing = 0;
		};
		202C541C1CB3485300B371EB /* Resources */ = {
			isa = PBXResourcesBuildPhase;
			buildActionMask = 2147483647;
			files = (
			);
			runOnlyForDeploymentPostprocessing = 0;
		};
/* End PBXResourcesBuildPhase section */

/* Begin PBXSourcesBuildPhase section */
		202C53FB1CB3485200B371EB /* Sources */ = {
			isa = PBXSourcesBuildPhase;
			buildActionMask = 2147483647;
			files = (
				202C54321CB34D8900B371EB /* HappinessViewController.swift in Sources */,
				202C54031CB3485300B371EB /* AppDelegate.swift in Sources */,
				202C54341CB3507300B371EB /* FaceView.swift in Sources */,
			);
			runOnlyForDeploymentPostprocessing = 0;
		};
		202C540F1CB3485300B371EB /* Sources */ = {
			isa = PBXSourcesBuildPhase;
			buildActionMask = 2147483647;
			files = (
				202C54181CB3485300B371EB /* HappinessTests.swift in Sources */,
			);
			runOnlyForDeploymentPostprocessing = 0;
		};
		202C541A1CB3485300B371EB /* Sources */ = {
			isa = PBXSourcesBuildPhase;
			buildActionMask = 2147483647;
			files = (
				202C54231CB3485300B371EB /* HappinessUITests.swift in Sources */,
			);
			runOnlyForDeploymentPostprocessing = 0;
		};
/* End PBXSourcesBuildPhase section */

/* Begin PBXTargetDependency section */
		202C54151CB3485300B371EB /* PBXTargetDependency */ = {
			isa = PBXTargetDependency;
			target = 202C53FE1CB3485200B371EB /* Happiness */;
			targetProxy = 202C54141CB3485300B371EB /* PBXContainerItemProxy */;
		};
		202C54201CB3485300B371EB /* PBXTargetDependency */ = {
			isa = PBXTargetDependency;
			target = 202C53FE1CB3485200B371EB /* Happiness */;
			targetProxy = 202C541F1CB3485300B371EB /* PBXContainerItemProxy */;
		};
/* End PBXTargetDependency section */

/* Begin PBXVariantGroup section */
		202C54061CB3485300B371EB /* Main.storyboard */ = {
			isa = PBXVariantGroup;
			children = (
				202C54071CB3485300B371EB /* Base */,
			);
			name = Main.storyboard;
			sourceTree = "<group>";
		};
		202C540B1CB3485300B371EB /* LaunchScreen.storyboard */ = {
			isa = PBXVariantGroup;
			children = (
				202C540C1CB3485300B371EB /* Base */,
			);
			name = LaunchScreen.storyboard;
			sourceTree = "<group>";
		};
/* End PBXVariantGroup section */

/* Begin XCBuildConfiguration section */
		202C54251CB3485300B371EB /* Debug */ = {
			isa = XCBuildConfiguration;
			buildSettings = {
				ALWAYS_SEARCH_USER_PATHS = NO;
				CLANG_ANALYZER_NONNULL = YES;
				CLANG_CXX_LANGUAGE_STANDARD = "gnu++0x";
				CLANG_CXX_LIBRARY = "libc++";
				CLANG_ENABLE_MODULES = YES;
				CLANG_ENABLE_OBJC_ARC = YES;
				CLANG_WARN_BOOL_CONVERSION = YES;
				CLANG_WARN_CONSTANT_CONVERSION = YES;
				CLANG_WARN_DIRECT_OBJC_ISA_USAGE = YES_ERROR;
				CLANG_WARN_EMPTY_BODY = YES;
				CLANG_WARN_ENUM_CONVERSION = YES;
				CLANG_WARN_INT_CONVERSION = YES;
				CLANG_WARN_OBJC_ROOT_CLASS = YES_ERROR;
				CLANG_WARN_UNREACHABLE_CODE = YES;
				CLANG_WARN__DUPLICATE_METHOD_MATCH = YES;
				"CODE_SIGN_IDENTITY[sdk=iphoneos*]" = "iPhone Developer";
				COPY_PHASE_STRIP = NO;
				DEBUG_INFORMATION_FORMAT = dwarf;
				ENABLE_STRICT_OBJC_MSGSEND = YES;
				ENABLE_TESTABILITY = YES;
				GCC_C_LANGUAGE_STANDARD = gnu99;
				GCC_DYNAMIC_NO_PIC = NO;
				GCC_NO_COMMON_BLOCKS = YES;
				GCC_OPTIMIZATION_LEVEL = 0;
				GCC_PREPROCESSOR_DEFINITIONS = (
					"DEBUG=1",
					"$(inherited)",
				);
				GCC_WARN_64_TO_32_BIT_CONVERSION = YES;
				GCC_WARN_ABOUT_RETURN_TYPE = YES_ERROR;
				GCC_WARN_UNDECLARED_SELECTOR = YES;
				GCC_WARN_UNINITIALIZED_AUTOS = YES_AGGRESSIVE;
				GCC_WARN_UNUSED_FUNCTION = YES;
				GCC_WARN_UNUSED_VARIABLE = YES;
				IPHONEOS_DEPLOYMENT_TARGET = 9.3;
				MTL_ENABLE_DEBUG_INFO = YES;
				ONLY_ACTIVE_ARCH = YES;
				SDKROOT = iphoneos;
				SWIFT_OPTIMIZATION_LEVEL = "-Onone";
				TARGETED_DEVICE_FAMILY = "1,2";
			};
			name = Debug;
		};
		202C54261CB3485300B371EB /* Release */ = {
			isa = XCBuildConfiguration;
			buildSettings = {
				ALWAYS_SEARCH_USER_PATHS = NO;
				CLANG_ANALYZER_NONNULL = YES;
				CLANG_CXX_LANGUAGE_STANDARD = "gnu++0x";
				CLANG_CXX_LIBRARY = "libc++";
				CLANG_ENABLE_MODULES = YES;
				CLANG_ENABLE_OBJC_ARC = YES;
				CLANG_WARN_BOOL_CONVERSION = YES;
				CLANG_WARN_CONSTANT_CONVERSION = YES;
				CLANG_WARN_DIRECT_OBJC_ISA_USAGE = YES_ERROR;
				CLANG_WARN_EMPTY_BODY = YES;
				CLANG_WARN_ENUM_CONVERSION = YES;
				CLANG_WARN_INT_CONVERSION = YES;
				CLANG_WARN_OBJC_ROOT_CLASS = YES_ERROR;
				CLANG_WARN_UNREACHABLE_CODE = YES;
				CLANG_WARN__DUPLICATE_METHOD_MATCH = YES;
				"CODE_SIGN_IDENTITY[sdk=iphoneos*]" = "iPhone Developer";
				COPY_PHASE_STRIP = NO;
				DEBUG_INFORMATION_FORMAT = "dwarf-with-dsym";
				ENABLE_NS_ASSERTIONS = NO;
				ENABLE_STRICT_OBJC_MSGSEND = YES;
				GCC_C_LANGUAGE_STANDARD = gnu99;
				GCC_NO_COMMON_BLOCKS = YES;
				GCC_WARN_64_TO_32_BIT_CONVERSION = YES;
				GCC_WARN_ABOUT_RETURN_TYPE = YES_ERROR;
				GCC_WARN_UNDECLARED_SELECTOR = YES;
				GCC_WARN_UNINITIALIZED_AUTOS = YES_AGGRESSIVE;
				GCC_WARN_UNUSED_FUNCTION = YES;
				GCC_WARN_UNUSED_VARIABLE = YES;
				IPHONEOS_DEPLOYMENT_TARGET = 9.3;
				MTL_ENABLE_DEBUG_INFO = NO;
				SDKROOT = iphoneos;
				TARGETED_DEVICE_FAMILY = "1,2";
				VALIDATE_PRODUCT = YES;
			};
			name = Release;
		};
		202C54281CB3485300B371EB /* Debug */ = {
			isa = XCBuildConfiguration;
			buildSettings = {
				ASSETCATALOG_COMPILER_APPICON_NAME = AppIcon;
				INFOPLIST_FILE = Happiness/Info.plist;
				LD_RUNPATH_SEARCH_PATHS = "$(inherited) @executable_path/Frameworks";
				PRODUCT_BUNDLE_IDENTIFIER = "-----.Happiness";
				PRODUCT_NAME = "$(TARGET_NAME)";
			};
			name = Debug;
		};
		202C54291CB3485300B371EB /* Release */ = {
			isa = XCBuildConfiguration;
			buildSettings = {
				ASSETCATALOG_COMPILER_APPICON_NAME = AppIcon;
				INFOPLIST_FILE = Happiness/Info.plist;
				LD_RUNPATH_SEARCH_PATHS = "$(inherited) @executable_path/Frameworks";
				PRODUCT_BUNDLE_IDENTIFIER = "-----.Happiness";
				PRODUCT_NAME = "$(TARGET_NAME)";
			};
			name = Release;
		};
		202C542B1CB3485300B371EB /* Debug */ = {
			isa = XCBuildConfiguration;
			buildSettings = {
				BUNDLE_LOADER = "$(TEST_HOST)";
				INFOPLIST_FILE = HappinessTests/Info.plist;
				LD_RUNPATH_SEARCH_PATHS = "$(inherited) @executable_path/Frameworks @loader_path/Frameworks";
				PRODUCT_BUNDLE_IDENTIFIER = "-----.HappinessTests";
				PRODUCT_NAME = "$(TARGET_NAME)";
				TEST_HOST = "$(BUILT_PRODUCTS_DIR)/Happiness.app/Happiness";
			};
			name = Debug;
		};
		202C542C1CB3485300B371EB /* Release */ = {
			isa = XCBuildConfiguration;
			buildSettings = {
				BUNDLE_LOADER = "$(TEST_HOST)";
				INFOPLIST_FILE = HappinessTests/Info.plist;
				LD_RUNPATH_SEARCH_PATHS = "$(inherited) @executable_path/Frameworks @loader_path/Frameworks";
				PRODUCT_BUNDLE_IDENTIFIER = "-----.HappinessTests";
				PRODUCT_NAME = "$(TARGET_NAME)";
				TEST_HOST = "$(BUILT_PRODUCTS_DIR)/Happiness.app/Happiness";
			};
			name = Release;
		};
		202C542E1CB3485300B371EB /* Debug */ = {
			isa = XCBuildConfiguration;
			buildSettings = {
				INFOPLIST_FILE = HappinessUITests/Info.plist;
				LD_RUNPATH_SEARCH_PATHS = "$(inherited) @executable_path/Frameworks @loader_path/Frameworks";
				PRODUCT_BUNDLE_IDENTIFIER = "-----.HappinessUITests";
				PRODUCT_NAME = "$(TARGET_NAME)";
				TEST_TARGET_NAME = Happiness;
			};
			name = Debug;
		};
		202C542F1CB3485300B371EB /* Release */ = {
			isa = XCBuildConfiguration;
			buildSettings = {
				INFOPLIST_FILE = HappinessUITests/Info.plist;
				LD_RUNPATH_SEARCH_PATHS = "$(inherited) @executable_path/Frameworks @loader_path/Frameworks";
				PRODUCT_BUNDLE_IDENTIFIER = "-----.HappinessUITests";
				PRODUCT_NAME = "$(TARGET_NAME)";
				TEST_TARGET_NAME = Happiness;
			};
			name = Release;
		};
/* End XCBuildConfiguration section */

/* Begin XCConfigurationList section */
		202C53FA1CB3485200B371EB /* Build configuration list for PBXProject "Happiness" */ = {
			isa = XCConfigurationList;
			buildConfigurations = (
				202C54251CB3485300B371EB /* Debug */,
				202C54261CB3485300B371EB /* Release */,
			);
			defaultConfigurationIsVisible = 0;
			defaultConfigurationName = Release;
		};
		202C54271CB3485300B371EB /* Build configuration list for PBXNativeTarget "Happiness" */ = {
			isa = XCConfigurationList;
			buildConfigurations = (
				202C54281CB3485300B371EB /* Debug */,
				202C54291CB3485300B371EB /* Release */,
			);
			defaultConfigurationIsVisible = 0;
		};
		202C542A1CB3485300B371EB /* Build configuration list for PBXNativeTarget "HappinessTests" */ = {
			isa = XCConfigurationList;
			buildConfigurations = (
				202C542B1CB3485300B371EB /* Debug */,
				202C542C1CB3485300B371EB /* Release */,
			);
			defaultConfigurationIsVisible = 0;
		};
		202C542D1CB3485300B371EB /* Build configuration list for PBXNativeTarget "HappinessUITests" */ = {
			isa = XCConfigurationList;
			buildConfigurations = (
				202C542E1CB3485300B371EB /* Debug */,
				202C542F1CB3485300B371EB /* Release */,
			);
			defaultConfigurationIsVisible = 0;
		};
/* End XCConfigurationList section */
	};
	rootObject = 202C53F71CB3485200B371EB /* Project object */;
}
