// !$*UTF8*$!
{
	archiveVersion = 1;
	classes = {
	};
	objectVersion = 46;
	objects = {

/* Begin PBXBuildFile section */
		203F01851CE0534D00243B72 /* ProtectedViewController.swift in Sources */ = {isa = PBXBuildFile; fileRef = 203F01841CE0534D00243B72 /* ProtectedViewController.swift */; };
		203F01871CE06FDE00243B72 /* RegisterPageViewController.swift in Sources */ = {isa = PBXBuildFile; fileRef = 203F01861CE06FDE00243B72 /* RegisterPageViewController.swift */; };
		205AF5231CDDACFD009858B5 /* LoginViewController.swift in Sources */ = {isa = PBXBuildFile; fileRef = 205AF5221CDDACFD009858B5 /* LoginViewController.swift */; };
		205AF5281CDDB1CE009858B5 /* SWRevealViewController.m in Sources */ = {isa = PBXBuildFile; fileRef = 205AF5271CDDB1CE009858B5 /* SWRevealViewController.m */; };
		205AF52C1CDDC1B2009858B5 /* OurTableViewController.swift in Sources */ = {isa = PBXBuildFile; fileRef = 205AF52B1CDDC1B2009858B5 /* OurTableViewController.swift */; };
		205AF52E1CDDC381009858B5 /* OurViewController.swift in Sources */ = {isa = PBXBuildFile; fileRef = 205AF52D1CDDC381009858B5 /* OurViewController.swift */; };
		205AF5321CDEC46B009858B5 /* countries.json in Resources */ = {isa = PBXBuildFile; fileRef = 205AF5311CDEC46B009858B5 /* countries.json */; };
		205AF5341CDEC4CA009858B5 /* SwiftyJSON.swift in Sources */ = {isa = PBXBuildFile; fileRef = 205AF5331CDEC4CA009858B5 /* SwiftyJSON.swift */; };
		20FF2F131CEAD67B007647B6 /* MapKit.framework in Frameworks */ = {isa = PBXBuildFile; fileRef = 20FF2F121CEAD67B007647B6 /* MapKit.framework */; };
		20FF2F151CEADA31007647B6 /* LocationManager.swift in Sources */ = {isa = PBXBuildFile; fileRef = 20FF2F141CEADA31007647B6 /* LocationManager.swift */; };
		EC186E651A9D906F00A87878 /* GPX.swift in Sources */ = {isa = PBXBuildFile; fileRef = EC186E611A9D906F00A87878 /* GPX.swift */; };
		EC3417FC1A9EA9C100930CE8 /* MKGPX.swift in Sources */ = {isa = PBXBuildFile; fileRef = EC3417FB1A9EA9C100930CE8 /* MKGPX.swift */; };
		EC3417FE1A9EAE9600930CE8 /* ImageViewController.swift in Sources */ = {isa = PBXBuildFile; fileRef = EC3417FD1A9EAE9600930CE8 /* ImageViewController.swift */; };
		EC3CECB31A9C02BC009D441D /* AppDelegate.swift in Sources */ = {isa = PBXBuildFile; fileRef = EC3CECB21A9C02BC009D441D /* AppDelegate.swift */; };
		EC3CECB51A9C02BC009D441D /* GPXViewController.swift in Sources */ = {isa = PBXBuildFile; fileRef = EC3CECB41A9C02BC009D441D /* GPXViewController.swift */; };
		EC3CECB81A9C02BC009D441D /* Main.storyboard in Resources */ = {isa = PBXBuildFile; fileRef = EC3CECB61A9C02BC009D441D /* Main.storyboard */; };
		EC3CECBA1A9C02BC009D441D /* Images.xcassets in Resources */ = {isa = PBXBuildFile; fileRef = EC3CECB91A9C02BC009D441D /* Images.xcassets */; };
		EC3CECBD1A9C02BC009D441D /* LaunchScreen.xib in Resources */ = {isa = PBXBuildFile; fileRef = EC3CECBB1A9C02BC009D441D /* LaunchScreen.xib */; };
		EC3CECC91A9C02BC009D441D /* TraxTests.swift in Sources */ = {isa = PBXBuildFile; fileRef = EC3CECC81A9C02BC009D441D /* TraxTests.swift */; };
		EC4026AC1AA53C7400BE3924 /* EditWaypointViewController.swift in Sources */ = {isa = PBXBuildFile; fileRef = EC4026AB1AA53C7400BE3924 /* EditWaypointViewController.swift */; };
		EC491D531AA7E80D00C13335 /* WaypointImageViewController.swift in Sources */ = {isa = PBXBuildFile; fileRef = EC491D521AA7E80D00C13335 /* WaypointImageViewController.swift */; };
		EC491D551AA7E93C00C13335 /* SimpleMapViewController.swift in Sources */ = {isa = PBXBuildFile; fileRef = EC491D541AA7E93C00C13335 /* SimpleMapViewController.swift */; };
/* End PBXBuildFile section */

/* Begin PBXContainerItemProxy section */
		EC3CECC31A9C02BC009D441D /* PBXContainerItemProxy */ = {
			isa = PBXContainerItemProxy;
			containerPortal = EC3CECA51A9C02BB009D441D /* Project object */;
			proxyType = 1;
			remoteGlobalIDString = EC3CECAC1A9C02BB009D441D;
			remoteInfo = Trax;
		};
/* End PBXContainerItemProxy section */

/* Begin PBXFileReference section */
		203F01841CE0534D00243B72 /* ProtectedViewController.swift */ = {isa = PBXFileReference; fileEncoding = 4; lastKnownFileType = sourcecode.swift; path = ProtectedViewController.swift; sourceTree = "<group>"; };
		203F01861CE06FDE00243B72 /* RegisterPageViewController.swift */ = {isa = PBXFileReference; fileEncoding = 4; lastKnownFileType = sourcecode.swift; path = RegisterPageViewController.swift; sourceTree = "<group>"; };
		205AF5221CDDACFD009858B5 /* LoginViewController.swift */ = {isa = PBXFileReference; fileEncoding = 4; lastKnownFileType = sourcecode.swift; path = LoginViewController.swift; sourceTree = "<group>"; };
		205AF5251CDDB1CD009858B5 /* Trax-Bridging-Header.h */ = {isa = PBXFileReference; lastKnownFileType = sourcecode.c.h; path = "Trax-Bridging-Header.h"; sourceTree = "<group>"; };
		205AF5261CDDB1CE009858B5 /* SWRevealViewController.h */ = {isa = PBXFileReference; fileEncoding = 4; lastKnownFileType = sourcecode.c.h; path = SWRevealViewController.h; sourceTree = "<group>"; };
		205AF5271CDDB1CE009858B5 /* SWRevealViewController.m */ = {isa = PBXFileReference; fileEncoding = 4; lastKnownFileType = sourcecode.c.objc; path = SWRevealViewController.m; sourceTree = "<group>"; };
		205AF52B1CDDC1B2009858B5 /* OurTableViewController.swift */ = {isa = PBXFileReference; fileEncoding = 4; lastKnownFileType = sourcecode.swift; path = OurTableViewController.swift; sourceTree = "<group>"; };
		205AF52D1CDDC381009858B5 /* OurViewController.swift */ = {isa = PBXFileReference; fileEncoding = 4; lastKnownFileType = sourcecode.swift; path = OurViewController.swift; sourceTree = "<group>"; };
		205AF5311CDEC46B009858B5 /* countries.json */ = {isa = PBXFileReference; fileEncoding = 4; lastKnownFileType = text.json; path = countries.json; sourceTree = "<group>"; };
		205AF5331CDEC4CA009858B5 /* SwiftyJSON.swift */ = {isa = PBXFileReference; fileEncoding = 4; lastKnownFileType = sourcecode.swift; path = SwiftyJSON.swift; sourceTree = "<group>"; };
		20FF2F121CEAD67B007647B6 /* MapKit.framework */ = {isa = PBXFileReference; lastKnownFileType = wrapper.framework; name = MapKit.framework; path = System/Library/Frameworks/MapKit.framework; sourceTree = SDKROOT; };
		20FF2F141CEADA31007647B6 /* LocationManager.swift */ = {isa = PBXFileReference; fileEncoding = 4; lastKnownFileType = sourcecode.swift; path = LocationManager.swift; sourceTree = "<group>"; };
		EC186E611A9D906F00A87878 /* GPX.swift */ = {isa = PBXFileReference; fileEncoding = 4; lastKnownFileType = sourcecode.swift; path = GPX.swift; sourceTree = "<group>"; };
		EC3417FB1A9EA9C100930CE8 /* MKGPX.swift */ = {isa = PBXFileReference; fileEncoding = 4; lastKnownFileType = sourcecode.swift; path = MKGPX.swift; sourceTree = "<group>"; };
		EC3417FD1A9EAE9600930CE8 /* ImageViewController.swift */ = {isa = PBXFileReference; fileEncoding = 4; lastKnownFileType = sourcecode.swift; path = ImageViewController.swift; sourceTree = "<group>"; };
		EC3CECAD1A9C02BB009D441D /* Trax.app */ = {isa = PBXFileReference; explicitFileType = wrapper.application; includeInIndex = 0; path = Trax.app; sourceTree = BUILT_PRODUCTS_DIR; };
		EC3CECB11A9C02BC009D441D /* Info.plist */ = {isa = PBXFileReference; lastKnownFileType = text.plist.xml; path = Info.plist; sourceTree = "<group>"; };
		EC3CECB21A9C02BC009D441D /* AppDelegate.swift */ = {isa = PBXFileReference; lastKnownFileType = sourcecode.swift; path = AppDelegate.swift; sourceTree = "<group>"; };
		EC3CECB41A9C02BC009D441D /* GPXViewController.swift */ = {isa = PBXFileReference; lastKnownFileType = sourcecode.swift; path = GPXViewController.swift; sourceTree = "<group>"; };
		EC3CECB71A9C02BC009D441D /* Base */ = {isa = PBXFileReference; lastKnownFileType = file.storyboard; name = Base; path = Base.lproj/Main.storyboard; sourceTree = "<group>"; };
		EC3CECB91A9C02BC009D441D /* Images.xcassets */ = {isa = PBXFileReference; lastKnownFileType = folder.assetcatalog; path = Images.xcassets; sourceTree = "<group>"; };
		EC3CECBC1A9C02BC009D441D /* Base */ = {isa = PBXFileReference; lastKnownFileType = file.xib; name = Base; path = Base.lproj/LaunchScreen.xib; sourceTree = "<group>"; };
		EC3CECC21A9C02BC009D441D /* TraxTests.xctest */ = {isa = PBXFileReference; explicitFileType = wrapper.cfbundle; includeInIndex = 0; path = TraxTests.xctest; sourceTree = BUILT_PRODUCTS_DIR; };
		EC3CECC71A9C02BC009D441D /* Info.plist */ = {isa = PBXFileReference; lastKnownFileType = text.plist.xml; path = Info.plist; sourceTree = "<group>"; };
		EC3CECC81A9C02BC009D441D /* TraxTests.swift */ = {isa = PBXFileReference; lastKnownFileType = sourcecode.swift; path = TraxTests.swift; sourceTree = "<group>"; };
		EC4026AB1AA53C7400BE3924 /* EditWaypointViewController.swift */ = {isa = PBXFileReference; fileEncoding = 4; lastKnownFileType = sourcecode.swift; path = EditWaypointViewController.swift; sourceTree = "<group>"; };
		EC491D521AA7E80D00C13335 /* WaypointImageViewController.swift */ = {isa = PBXFileReference; fileEncoding = 4; lastKnownFileType = sourcecode.swift; path = WaypointImageViewController.swift; sourceTree = "<group>"; };
		EC491D541AA7E93C00C13335 /* SimpleMapViewController.swift */ = {isa = PBXFileReference; fileEncoding = 4; lastKnownFileType = sourcecode.swift; path = SimpleMapViewController.swift; sourceTree = "<group>"; };
/* End PBXFileReference section */

/* Begin PBXFrameworksBuildPhase section */
		EC3CECAA1A9C02BB009D441D /* Frameworks */ = {
			isa = PBXFrameworksBuildPhase;
			buildActionMask = 2147483647;
			files = (
				20FF2F131CEAD67B007647B6 /* MapKit.framework in Frameworks */,
			);
			runOnlyForDeploymentPostprocessing = 0;
		};
		EC3CECBF1A9C02BC009D441D /* Frameworks */ = {
			isa = PBXFrameworksBuildPhase;
			buildActionMask = 2147483647;
			files = (
			);
			runOnlyForDeploymentPostprocessing = 0;
		};
/* End PBXFrameworksBuildPhase section */

/* Begin PBXGroup section */
		205AF5241CDDB166009858B5 /* SWRevealViewController */ = {
			isa = PBXGroup;
			children = (
				205AF5261CDDB1CE009858B5 /* SWRevealViewController.h */,
				205AF5271CDDB1CE009858B5 /* SWRevealViewController.m */,
				205AF5251CDDB1CD009858B5 /* Trax-Bridging-Header.h */,
			);
			name = SWRevealViewController;
			sourceTree = "<group>";
		};
		EC3CECA41A9C02BB009D441D = {
			isa = PBXGroup;
			children = (
				20FF2F121CEAD67B007647B6 /* MapKit.framework */,
				EC3CECAF1A9C02BB009D441D /* Trax */,
				EC3CECC51A9C02BC009D441D /* TraxTests */,
				EC3CECAE1A9C02BB009D441D /* Products */,
			);
			sourceTree = "<group>";
		};
		EC3CECAE1A9C02BB009D441D /* Products */ = {
			isa = PBXGroup;
			children = (
				EC3CECAD1A9C02BB009D441D /* Trax.app */,
				EC3CECC21A9C02BC009D441D /* TraxTests.xctest */,
			);
			name = Products;
			sourceTree = "<group>";
		};
		EC3CECAF1A9C02BB009D441D /* Trax */ = {
			isa = PBXGroup;
			children = (
				205AF5241CDDB166009858B5 /* SWRevealViewController */,
				EC3CECB41A9C02BC009D441D /* GPXViewController.swift */,
				20FF2F141CEADA31007647B6 /* LocationManager.swift */,
				203F01861CE06FDE00243B72 /* RegisterPageViewController.swift */,
				EC4026AB1AA53C7400BE3924 /* EditWaypointViewController.swift */,
				EC3417FB1A9EA9C100930CE8 /* MKGPX.swift */,
				205AF5331CDEC4CA009858B5 /* SwiftyJSON.swift */,
				205AF5311CDEC46B009858B5 /* countries.json */,
				EC3CECB21A9C02BC009D441D /* AppDelegate.swift */,
				EC3CECB61A9C02BC009D441D /* Main.storyboard */,
				203F01841CE0534D00243B72 /* ProtectedViewController.swift */,
				205AF52D1CDDC381009858B5 /* OurViewController.swift */,
				205AF52B1CDDC1B2009858B5 /* OurTableViewController.swift */,
				205AF5221CDDACFD009858B5 /* LoginViewController.swift */,
				EC491D521AA7E80D00C13335 /* WaypointImageViewController.swift */,
				EC491D541AA7E93C00C13335 /* SimpleMapViewController.swift */,
				EC3CECB11A9C02BC009D441D /* Info.plist */,
				EC3CECB01A9C02BC009D441D /* Supporting Files */,
			);
			path = Trax;
			sourceTree = "<group>";
		};
		EC3CECB01A9C02BC009D441D /* Supporting Files */ = {
			isa = PBXGroup;
			children = (
				EC186E611A9D906F00A87878 /* GPX.swift */,
				EC3417FD1A9EAE9600930CE8 /* ImageViewController.swift */,
				EC3CECB91A9C02BC009D441D /* Images.xcassets */,
				EC3CECBB1A9C02BC009D441D /* LaunchScreen.xib */,
			);
			name = "Supporting Files";
			sourceTree = "<group>";
		};
		EC3CECC51A9C02BC009D441D /* TraxTests */ = {
			isa = PBXGroup;
			children = (
				EC3CECC81A9C02BC009D441D /* TraxTests.swift */,
				EC3CECC61A9C02BC009D441D /* Supporting Files */,
			);
			path = TraxTests;
			sourceTree = "<group>";
		};
		EC3CECC61A9C02BC009D441D /* Supporting Files */ = {
			isa = PBXGroup;
			children = (
				EC3CECC71A9C02BC009D441D /* Info.plist */,
			);
			name = "Supporting Files";
			sourceTree = "<group>";
		};
/* End PBXGroup section */

/* Begin PBXNativeTarget section */
		EC3CECAC1A9C02BB009D441D /* Trax */ = {
			isa = PBXNativeTarget;
			buildConfigurationList = EC3CECCC1A9C02BC009D441D /* Build configuration list for PBXNativeTarget "Trax" */;
			buildPhases = (
				EC3CECA91A9C02BB009D441D /* Sources */,
				EC3CECAA1A9C02BB009D441D /* Frameworks */,
				EC3CECAB1A9C02BB009D441D /* Resources */,
			);
			buildRules = (
			);
			dependencies = (
			);
			name = Trax;
			productName = Trax;
			productReference = EC3CECAD1A9C02BB009D441D /* Trax.app */;
			productType = "com.apple.product-type.application";
		};
		EC3CECC11A9C02BC009D441D /* TraxTests */ = {
			isa = PBXNativeTarget;
			buildConfigurationList = EC3CECCF1A9C02BC009D441D /* Build configuration list for PBXNativeTarget "TraxTests" */;
			buildPhases = (
				EC3CECBE1A9C02BC009D441D /* Sources */,
				EC3CECBF1A9C02BC009D441D /* Frameworks */,
				EC3CECC01A9C02BC009D441D /* Resources */,
			);
			buildRules = (
			);
			dependencies = (
				EC3CECC41A9C02BC009D441D /* PBXTargetDependency */,
			);
			name = TraxTests;
			productName = TraxTests;
			productReference = EC3CECC21A9C02BC009D441D /* TraxTests.xctest */;
			productType = "com.apple.product-type.bundle.unit-test";
		};
/* End PBXNativeTarget section */

/* Begin PBXProject section */
		EC3CECA51A9C02BB009D441D /* Project object */ = {
			isa = PBXProject;
			attributes = {
				LastSwiftMigration = 0700;
				LastSwiftUpdateCheck = 0730;
				LastUpgradeCheck = 0700;
				ORGANIZATIONNAME = "Stanford University";
				TargetAttributes = {
					EC3CECAC1A9C02BB009D441D = {
						CreatedOnToolsVersion = 6.1.1;
						DevelopmentTeam = F7KPJZ79PU;
					};
					EC3CECC11A9C02BC009D441D = {
						CreatedOnToolsVersion = 6.1.1;
						TestTargetID = EC3CECAC1A9C02BB009D441D;
					};
				};
			};
			buildConfigurationList = EC3CECA81A9C02BB009D441D /* Build configuration list for PBXProject "Trax" */;
			compatibilityVersion = "Xcode 3.2";
			developmentRegion = English;
			hasScannedForEncodings = 0;
			knownRegions = (
				en,
				Base,
			);
			mainGroup = EC3CECA41A9C02BB009D441D;
			productRefGroup = EC3CECAE1A9C02BB009D441D /* Products */;
			projectDirPath = "";
			projectRoot = "";
			targets = (
				EC3CECAC1A9C02BB009D441D /* Trax */,
				EC3CECC11A9C02BC009D441D /* TraxTests */,
			);
		};
/* End PBXProject section */

/* Begin PBXResourcesBuildPhase section */
		EC3CECAB1A9C02BB009D441D /* Resources */ = {
			isa = PBXResourcesBuildPhase;
			buildActionMask = 2147483647;
			files = (
				EC3CECB81A9C02BC009D441D /* Main.storyboard in Resources */,
				EC3CECBD1A9C02BC009D441D /* LaunchScreen.xib in Resources */,
				205AF5321CDEC46B009858B5 /* countries.json in Resources */,
				EC3CECBA1A9C02BC009D441D /* Images.xcassets in Resources */,
			);
			runOnlyForDeploymentPostprocessing = 0;
		};
		EC3CECC01A9C02BC009D441D /* Resources */ = {
			isa = PBXResourcesBuildPhase;
			buildActionMask = 2147483647;
			files = (
			);
			runOnlyForDeploymentPostprocessing = 0;
		};
/* End PBXResourcesBuildPhase section */

/* Begin PBXSourcesBuildPhase section */
		EC3CECA91A9C02BB009D441D /* Sources */ = {
			isa = PBXSourcesBuildPhase;
			buildActionMask = 2147483647;
			files = (
				205AF5231CDDACFD009858B5 /* LoginViewController.swift in Sources */,
				205AF52C1CDDC1B2009858B5 /* OurTableViewController.swift in Sources */,
				EC3CECB51A9C02BC009D441D /* GPXViewController.swift in Sources */,
				EC491D531AA7E80D00C13335 /* WaypointImageViewController.swift in Sources */,
				20FF2F151CEADA31007647B6 /* LocationManager.swift in Sources */,
				EC3CECB31A9C02BC009D441D /* AppDelegate.swift in Sources */,
				EC4026AC1AA53C7400BE3924 /* EditWaypointViewController.swift in Sources */,
				EC186E651A9D906F00A87878 /* GPX.swift in Sources */,
				EC3417FE1A9EAE9600930CE8 /* ImageViewController.swift in Sources */,
				205AF5281CDDB1CE009858B5 /* SWRevealViewController.m in Sources */,
				203F01851CE0534D00243B72 /* ProtectedViewController.swift in Sources */,
				EC3417FC1A9EA9C100930CE8 /* MKGPX.swift in Sources */,
				EC491D551AA7E93C00C13335 /* SimpleMapViewController.swift in Sources */,
				205AF5341CDEC4CA009858B5 /* SwiftyJSON.swift in Sources */,
				205AF52E1CDDC381009858B5 /* OurViewController.swift in Sources */,
				203F01871CE06FDE00243B72 /* RegisterPageViewController.swift in Sources */,
			);
			runOnlyForDeploymentPostprocessing = 0;
		};
		EC3CECBE1A9C02BC009D441D /* Sources */ = {
			isa = PBXSourcesBuildPhase;
			buildActionMask = 2147483647;
			files = (
				EC3CECC91A9C02BC009D441D /* TraxTests.swift in Sources */,
			);
			runOnlyForDeploymentPostprocessing = 0;
		};
/* End PBXSourcesBuildPhase section */

/* Begin PBXTargetDependency section */
		EC3CECC41A9C02BC009D441D /* PBXTargetDependency */ = {
			isa = PBXTargetDependency;
			target = EC3CECAC1A9C02BB009D441D /* Trax */;
			targetProxy = EC3CECC31A9C02BC009D441D /* PBXContainerItemProxy */;
		};
/* End PBXTargetDependency section */

/* Begin PBXVariantGroup section */
		EC3CECB61A9C02BC009D441D /* Main.storyboard */ = {
			isa = PBXVariantGroup;
			children = (
				EC3CECB71A9C02BC009D441D /* Base */,
			);
			name = Main.storyboard;
			sourceTree = "<group>";
		};
		EC3CECBB1A9C02BC009D441D /* LaunchScreen.xib */ = {
			isa = PBXVariantGroup;
			children = (
				EC3CECBC1A9C02BC009D441D /* Base */,
			);
			name = LaunchScreen.xib;
			sourceTree = "<group>";
		};
/* End PBXVariantGroup section */

/* Begin XCBuildConfiguration section */
		EC3CECCA1A9C02BC009D441D /* Debug */ = {
			isa = XCBuildConfiguration;
			buildSettings = {
				ALWAYS_SEARCH_USER_PATHS = NO;
				CLANG_CXX_LANGUAGE_STANDARD = "gnu++0x";
				CLANG_CXX_LIBRARY = "libc++";
				CLANG_ENABLE_MODULES = YES;
				CLANG_ENABLE_OBJC_ARC = YES;
				CLANG_WARN_BOOL_CONVERSION = YES;
				CLANG_WARN_CONSTANT_CONVERSION = YES;
				CLANG_WARN_DIRECT_OBJC_ISA_USAGE = YES_ERROR;
				CLANG_WARN_EMPTY_BODY = YES;
				CLANG_WARN_ENUM_CONVERSION = YES;
				CLANG_WARN_INT_CONVERSION = YES;
				CLANG_WARN_OBJC_ROOT_CLASS = YES_ERROR;
				CLANG_WARN_UNREACHABLE_CODE = YES;
				CLANG_WARN__DUPLICATE_METHOD_MATCH = YES;
				"CODE_SIGN_IDENTITY[sdk=iphoneos*]" = "iPhone Developer";
				COPY_PHASE_STRIP = NO;
				ENABLE_STRICT_OBJC_MSGSEND = YES;
				ENABLE_TESTABILITY = YES;
				GCC_C_LANGUAGE_STANDARD = gnu99;
				GCC_DYNAMIC_NO_PIC = NO;
				GCC_OPTIMIZATION_LEVEL = 0;
				GCC_PREPROCESSOR_DEFINITIONS = (
					"DEBUG=1",
					"$(inherited)",
				);
				GCC_SYMBOLS_PRIVATE_EXTERN = NO;
				GCC_WARN_64_TO_32_BIT_CONVERSION = YES;
				GCC_WARN_ABOUT_RETURN_TYPE = YES_ERROR;
				GCC_WARN_UNDECLARED_SELECTOR = YES;
				GCC_WARN_UNINITIALIZED_AUTOS = YES_AGGRESSIVE;
				GCC_WARN_UNUSED_FUNCTION = YES;
				GCC_WARN_UNUSED_VARIABLE = YES;
				IPHONEOS_DEPLOYMENT_TARGET = 8.1;
				MTL_ENABLE_DEBUG_INFO = YES;
				ONLY_ACTIVE_ARCH = YES;
				SDKROOT = iphoneos;
				SWIFT_OPTIMIZATION_LEVEL = "-Onone";
				TARGETED_DEVICE_FAMILY = "1,2";
			};
			name = Debug;
		};
		EC3CECCB1A9C02BC009D441D /* Release */ = {
			isa = XCBuildConfiguration;
			buildSettings = {
				ALWAYS_SEARCH_USER_PATHS = NO;
				CLANG_CXX_LANGUAGE_STANDARD = "gnu++0x";
				CLANG_CXX_LIBRARY = "libc++";
				CLANG_ENABLE_MODULES = YES;
				CLANG_ENABLE_OBJC_ARC = YES;
				CLANG_WARN_BOOL_CONVERSION = YES;
				CLANG_WARN_CONSTANT_CONVERSION = YES;
				CLANG_WARN_DIRECT_OBJC_ISA_USAGE = YES_ERROR;
				CLANG_WARN_EMPTY_BODY = YES;
				CLANG_WARN_ENUM_CONVERSION = YES;
				CLANG_WARN_INT_CONVERSION = YES;
				CLANG_WARN_OBJC_ROOT_CLASS = YES_ERROR;
				CLANG_WARN_UNREACHABLE_CODE = YES;
				CLANG_WARN__DUPLICATE_METHOD_MATCH = YES;
				"CODE_SIGN_IDENTITY[sdk=iphoneos*]" = "iPhone Developer";
				COPY_PHASE_STRIP = YES;
				ENABLE_NS_ASSERTIONS = NO;
				ENABLE_STRICT_OBJC_MSGSEND = YES;
				GCC_C_LANGUAGE_STANDARD = gnu99;
				GCC_WARN_64_TO_32_BIT_CONVERSION = YES;
				GCC_WARN_ABOUT_RETURN_TYPE = YES_ERROR;
				GCC_WARN_UNDECLARED_SELECTOR = YES;
				GCC_WARN_UNINITIALIZED_AUTOS = YES_AGGRESSIVE;
				GCC_WARN_UNUSED_FUNCTION = YES;
				GCC_WARN_UNUSED_VARIABLE = YES;
				IPHONEOS_DEPLOYMENT_TARGET = 8.1;
				MTL_ENABLE_DEBUG_INFO = NO;
				SDKROOT = iphoneos;
				TARGETED_DEVICE_FAMILY = "1,2";
				VALIDATE_PRODUCT = YES;
			};
			name = Release;
		};
		EC3CECCD1A9C02BC009D441D /* Debug */ = {
			isa = XCBuildConfiguration;
			buildSettings = {
				ASSETCATALOG_COMPILER_APPICON_NAME = AppIcon;
				CLANG_ENABLE_MODULES = YES;
				CODE_SIGN_IDENTITY = "iPhone Developer";
				"CODE_SIGN_IDENTITY[sdk=iphoneos*]" = "iPhone Developer";
				INFOPLIST_FILE = Trax/Info.plist;
				LD_RUNPATH_SEARCH_PATHS = "$(inherited) @executable_path/Frameworks";
				PRODUCT_BUNDLE_IDENTIFIER = jianshi;
				PRODUCT_NAME = "$(TARGET_NAME)";
				PROVISIONING_PROFILE = "";
				SWIFT_OBJC_BRIDGING_HEADER = "Trax/Trax-Bridging-Header.h";
				SWIFT_OPTIMIZATION_LEVEL = "-Onone";
			};
			name = Debug;
		};
		EC3CECCE1A9C02BC009D441D /* Release */ = {
			isa = XCBuildConfiguration;
			buildSettings = {
				ASSETCATALOG_COMPILER_APPICON_NAME = AppIcon;
				CLANG_ENABLE_MODULES = YES;
				CODE_SIGN_IDENTITY = "iPhone Developer";
				"CODE_SIGN_IDENTITY[sdk=iphoneos*]" = "iPhone Developer";
				INFOPLIST_FILE = Trax/Info.plist;
				LD_RUNPATH_SEARCH_PATHS = "$(inherited) @executable_path/Frameworks";
				PRODUCT_BUNDLE_IDENTIFIER = jianshi;
				PRODUCT_NAME = "$(TARGET_NAME)";
				PROVISIONING_PROFILE = "";
				SWIFT_OBJC_BRIDGING_HEADER = "Trax/Trax-Bridging-Header.h";
			};
			name = Release;
		};
		EC3CECD01A9C02BC009D441D /* Debug */ = {
			isa = XCBuildConfiguration;
			buildSettings = {
				BUNDLE_LOADER = "$(TEST_HOST)";
				FRAMEWORK_SEARCH_PATHS = (
					"$(SDKROOT)/Developer/Library/Frameworks",
					"$(inherited)",
				);
				GCC_PREPROCESSOR_DEFINITIONS = (
					"DEBUG=1",
					"$(inherited)",
				);
				INFOPLIST_FILE = TraxTests/Info.plist;
				LD_RUNPATH_SEARCH_PATHS = "$(inherited) @executable_path/Frameworks @loader_path/Frameworks";
				PRODUCT_BUNDLE_IDENTIFIER = "edu.stanford.cs193p.instructor.$(PRODUCT_NAME:rfc1034identifier)";
				PRODUCT_NAME = "$(TARGET_NAME)";
				TEST_HOST = "$(BUILT_PRODUCTS_DIR)/Trax.app/Trax";
			};
			name = Debug;
		};
		EC3CECD11A9C02BC009D441D /* Release */ = {
			isa = XCBuildConfiguration;
			buildSettings = {
				BUNDLE_LOADER = "$(TEST_HOST)";
				FRAMEWORK_SEARCH_PATHS = (
					"$(SDKROOT)/Developer/Library/Frameworks",
					"$(inherited)",
				);
				INFOPLIST_FILE = TraxTests/Info.plist;
				LD_RUNPATH_SEARCH_PATHS = "$(inherited) @executable_path/Frameworks @loader_path/Frameworks";
				PRODUCT_BUNDLE_IDENTIFIER = "edu.stanford.cs193p.instructor.$(PRODUCT_NAME:rfc1034identifier)";
				PRODUCT_NAME = "$(TARGET_NAME)";
				TEST_HOST = "$(BUILT_PRODUCTS_DIR)/Trax.app/Trax";
			};
			name = Release;
		};
/* End XCBuildConfiguration section */

/* Begin XCConfigurationList section */
		EC3CECA81A9C02BB009D441D /* Build configuration list for PBXProject "Trax" */ = {
			isa = XCConfigurationList;
			buildConfigurations = (
				EC3CECCA1A9C02BC009D441D /* Debug */,
				EC3CECCB1A9C02BC009D441D /* Release */,
			);
			defaultConfigurationIsVisible = 0;
			defaultConfigurationName = Release;
		};
		EC3CECCC1A9C02BC009D441D /* Build configuration list for PBXNativeTarget "Trax" */ = {
			isa = XCConfigurationList;
			buildConfigurations = (
				EC3CECCD1A9C02BC009D441D /* Debug */,
				EC3CECCE1A9C02BC009D441D /* Release */,
			);
			defaultConfigurationIsVisible = 0;
			defaultConfigurationName = Release;
		};
		EC3CECCF1A9C02BC009D441D /* Build configuration list for PBXNativeTarget "TraxTests" */ = {
			isa = XCConfigurationList;
			buildConfigurations = (
				EC3CECD01A9C02BC009D441D /* Debug */,
				EC3CECD11A9C02BC009D441D /* Release */,
			);
			defaultConfigurationIsVisible = 0;
			defaultConfigurationName = Release;
		};
/* End XCConfigurationList section */
	};
	rootObject = EC3CECA51A9C02BB009D441D /* Project object */;
}
